
Microsoft Visual Studio Solution File, Format Version 12.00
# Visual Studio Version 17
VisualStudioVersion = 17.9.34728.123
MinimumVisualStudioVersion = 10.0.40219.1
Project("{FAE04EC0-301F-11D3-BF4B-00C04F79EFBC}") = "VerticalSlice", "VerticalSlice\VerticalSlice.csproj", "{D75C97DC-5FDD-48F0-B862-DA85EDB52666}"
EndProject
Project("{E53339B2-1760-4266-BCC7-CA923CBCF16C}") = "docker-compose", "docker-compose.dcproj", "{C6D6BA02-926C-4631-AA3A-BE0B7CBDA780}"
EndProject
Global
	GlobalSection(SolutionConfigurationPlatforms) = preSolution
		Debug|Any CPU = Debug|Any CPU
		Release|Any CPU = Release|Any CPU
	EndGlobalSection
	GlobalSection(ProjectConfigurationPlatforms) = postSolution
		{D75C97DC-5FDD-48F0-B862-DA85EDB52666}.Debug|Any CPU.ActiveCfg = Debug|Any CPU
		{D75C97DC-5FDD-48F0-B862-DA85EDB52666}.Debug|Any CPU.Build.0 = Debug|Any CPU
		{D75C97DC-5FDD-48F0-B862-DA85EDB52666}.Release|Any CPU.ActiveCfg = Release|Any CPU
		{D75C97DC-5FDD-48F0-B862-DA85EDB52666}.Release|Any CPU.Build.0 = Release|Any CPU
		{C6D6BA02-926C-4631-AA3A-BE0B7CBDA780}.Debug|Any CPU.ActiveCfg = Debug|Any CPU
		{C6D6BA02-926C-4631-AA3A-BE0B7CBDA780}.Debug|Any CPU.Build.0 = Debug|Any CPU
		{C6D6BA02-926C-4631-AA3A-BE0B7CBDA780}.Release|Any CPU.ActiveCfg = Release|Any CPU
		{C6D6BA02-926C-4631-AA3A-BE0B7CBDA780}.Release|Any CPU.Build.0 = Release|Any CPU
	EndGlobalSection
	GlobalSection(SolutionProperties) = preSolution
		HideSolutionNode = FALSE
	EndGlobalSection
	GlobalSection(ExtensibilityGlobals) = postSolution
		SolutionGuid = {E5110EB0-CB14-4489-A076-18710CF4051C}
	EndGlobalSection
EndGlobal
